
Microsoft Visual Studio Solution File, Format Version 12.00
# Visual Studio 15
VisualStudioVersion = 15.0.28307.136
MinimumVisualStudioVersion = 10.0.40219.1
Project("{FAE04EC0-301F-11D3-BF4B-00C04F79EFBC}") = "DesktopDuplication", "DesktopDuplication\DesktopDuplication.csproj", "{222C215B-663F-4BD6-9B3E-8FA99C867B22}"
EndProject
Project("{FAE04EC0-301F-11D3-BF4B-00C04F79EFBC}") = "In-Home-Switching", "In-Home-Switching\In-Home-Switching.csproj", "{74CC9032-E6E6-4620-B9B7-36251023A1C9}"
EndProject
Global
	GlobalSection(SolutionConfigurationPlatforms) = preSolution
		Debug|Any CPU = Debug|Any CPU
		Release|Any CPU = Release|Any CPU
	EndGlobalSection
	GlobalSection(ProjectConfigurationPlatforms) = postSolution
		{222C215B-663F-4BD6-9B3E-8FA99C867B22}.Debug|Any CPU.ActiveCfg = Debug|Any CPU
		{222C215B-663F-4BD6-9B3E-8FA99C867B22}.Debug|Any CPU.Build.0 = Debug|Any CPU
		{222C215B-663F-4BD6-9B3E-8FA99C867B22}.Release|Any CPU.ActiveCfg = Release|Any CPU
		{222C215B-663F-4BD6-9B3E-8FA99C867B22}.Release|Any CPU.Build.0 = Release|Any CPU
		{74CC9032-E6E6-4620-B9B7-36251023A1C9}.Debug|Any CPU.ActiveCfg = Debug|Any CPU
		{74CC9032-E6E6-4620-B9B7-36251023A1C9}.Debug|Any CPU.Build.0 = Debug|Any CPU
		{74CC9032-E6E6-4620-B9B7-36251023A1C9}.Release|Any CPU.ActiveCfg = Release|Any CPU
		{74CC9032-E6E6-4620-B9B7-36251023A1C9}.Release|Any CPU.Build.0 = Release|Any CPU
	EndGlobalSection
	GlobalSection(SolutionProperties) = preSolution
		HideSolutionNode = FALSE
	EndGlobalSection
	GlobalSection(ExtensibilityGlobals) = postSolution
		SolutionGuid = {5622961F-193D-4F96-9703-C5ECAC021656}
	EndGlobalSection
EndGlobal
